// !$*UTF8*$!
{
	archiveVersion = 1;
	classes = {
	};
	objectVersion = 56;
	objects = {

/* Begin PBXBuildFile section */
		3526F0D62C2A506E00B4D71F /* MainTabView.swift in Sources */ = {isa = PBXBuildFile; fileRef = 3526F0D52C2A506E00B4D71F /* MainTabView.swift */; };
		3526F0DB2C2A51EE00B4D71F /* HomeView.swift in Sources */ = {isa = PBXBuildFile; fileRef = 3526F0DA2C2A51EE00B4D71F /* HomeView.swift */; };
		3526F0DD2C2A522500B4D71F /* ProfileView.swift in Sources */ = {isa = PBXBuildFile; fileRef = 3526F0DC2C2A522500B4D71F /* ProfileView.swift */; };
		3526F0DF2C2A528E00B4D71F /* SettingsView.swift in Sources */ = {isa = PBXBuildFile; fileRef = 3526F0DE2C2A528E00B4D71F /* SettingsView.swift */; };
		3526F0E12C2A577F00B4D71F /* LoginView.swift in Sources */ = {isa = PBXBuildFile; fileRef = 3526F0E02C2A577F00B4D71F /* LoginView.swift */; };
		3526F0E32C2A57A400B4D71F /* RegisterView.swift in Sources */ = {isa = PBXBuildFile; fileRef = 3526F0E22C2A57A400B4D71F /* RegisterView.swift */; };
		3526F0E62C2A808B00B4D71F /* Alamofire in Frameworks */ = {isa = PBXBuildFile; productRef = 3526F0E52C2A808B00B4D71F /* Alamofire */; };
		3526F0E92C2AA4AB00B4D71F /* MyMonitor.swift in Sources */ = {isa = PBXBuildFile; fileRef = 3526F0E82C2AA4AB00B4D71F /* MyMonitor.swift */; };
		3526F0EB2C2AA59E00B4D71F /* API.swift in Sources */ = {isa = PBXBuildFile; fileRef = 3526F0EA2C2AA59E00B4D71F /* API.swift */; };
		3526F0ED2C2AA6BD00B4D71F /* NetworkRouter.swift in Sources */ = {isa = PBXBuildFile; fileRef = 3526F0EC2C2AA6BD00B4D71F /* NetworkRouter.swift */; };
		359B64192C1F16280085A67A /* FastAPIPracticeApp.swift in Sources */ = {isa = PBXBuildFile; fileRef = 359B64182C1F16280085A67A /* FastAPIPracticeApp.swift */; };
		359B641D2C1F16290085A67A /* Assets.xcassets in Resources */ = {isa = PBXBuildFile; fileRef = 359B641C2C1F16290085A67A /* Assets.xcassets */; };
		359B64202C1F16290085A67A /* Preview Assets.xcassets in Resources */ = {isa = PBXBuildFile; fileRef = 359B641F2C1F16290085A67A /* Preview Assets.xcassets */; };
		35E4EBFD2C1F20E0006EA9A3 /* NetworkManager.swift in Sources */ = {isa = PBXBuildFile; fileRef = 35E4EBFC2C1F20E0006EA9A3 /* NetworkManager.swift */; };
/* End PBXBuildFile section */

/* Begin PBXFileReference section */
		3526F0D52C2A506E00B4D71F /* MainTabView.swift */ = {isa = PBXFileReference; lastKnownFileType = sourcecode.swift; path = MainTabView.swift; sourceTree = "<group>"; };
		3526F0DA2C2A51EE00B4D71F /* HomeView.swift */ = {isa = PBXFileReference; lastKnownFileType = sourcecode.swift; path = HomeView.swift; sourceTree = "<group>"; };
		3526F0DC2C2A522500B4D71F /* ProfileView.swift */ = {isa = PBXFileReference; lastKnownFileType = sourcecode.swift; path = ProfileView.swift; sourceTree = "<group>"; };
		3526F0DE2C2A528E00B4D71F /* SettingsView.swift */ = {isa = PBXFileReference; lastKnownFileType = sourcecode.swift; path = SettingsView.swift; sourceTree = "<group>"; };
		3526F0E02C2A577F00B4D71F /* LoginView.swift */ = {isa = PBXFileReference; lastKnownFileType = sourcecode.swift; path = LoginView.swift; sourceTree = "<group>"; };
		3526F0E22C2A57A400B4D71F /* RegisterView.swift */ = {isa = PBXFileReference; lastKnownFileType = sourcecode.swift; path = RegisterView.swift; sourceTree = "<group>"; };
		3526F0E82C2AA4AB00B4D71F /* MyMonitor.swift */ = {isa = PBXFileReference; lastKnownFileType = sourcecode.swift; path = MyMonitor.swift; sourceTree = "<group>"; };
		3526F0EA2C2AA59E00B4D71F /* API.swift */ = {isa = PBXFileReference; lastKnownFileType = sourcecode.swift; path = API.swift; sourceTree = "<group>"; };
		3526F0EC2C2AA6BD00B4D71F /* NetworkRouter.swift */ = {isa = PBXFileReference; lastKnownFileType = sourcecode.swift; path = NetworkRouter.swift; sourceTree = "<group>"; };
		3526F0EE2C2AB02900B4D71F /* Info.plist */ = {isa = PBXFileReference; lastKnownFileType = text.plist; path = Info.plist; sourceTree = "<group>"; };
		359B64152C1F16280085A67A /* FastAPIPractice.app */ = {isa = PBXFileReference; explicitFileType = wrapper.application; includeInIndex = 0; path = FastAPIPractice.app; sourceTree = BUILT_PRODUCTS_DIR; };
		359B64182C1F16280085A67A /* FastAPIPracticeApp.swift */ = {isa = PBXFileReference; lastKnownFileType = sourcecode.swift; path = FastAPIPracticeApp.swift; sourceTree = "<group>"; };
		359B641C2C1F16290085A67A /* Assets.xcassets */ = {isa = PBXFileReference; lastKnownFileType = folder.assetcatalog; path = Assets.xcassets; sourceTree = "<group>"; };
		359B641F2C1F16290085A67A /* Preview Assets.xcassets */ = {isa = PBXFileReference; lastKnownFileType = folder.assetcatalog; path = "Preview Assets.xcassets"; sourceTree = "<group>"; };
		35E4EBFC2C1F20E0006EA9A3 /* NetworkManager.swift */ = {isa = PBXFileReference; lastKnownFileType = sourcecode.swift; path = NetworkManager.swift; sourceTree = "<group>"; };
/* End PBXFileReference section */

/* Begin PBXFrameworksBuildPhase section */
		359B64122C1F16280085A67A /* Frameworks */ = {
			isa = PBXFrameworksBuildPhase;
			buildActionMask = 2147483647;
			files = (
				3526F0E62C2A808B00B4D71F /* Alamofire in Frameworks */,
			);
			runOnlyForDeploymentPostprocessing = 0;
		};
/* End PBXFrameworksBuildPhase section */

/* Begin PBXGroup section */
		3526F0D72C2A519F00B4D71F /* View */ = {
			isa = PBXGroup;
			children = (
				3526F0D92C2A51DE00B4D71F /* Main */,
				3526F0D82C2A51B900B4D71F /* Auth */,
			);
			path = View;
			sourceTree = "<group>";
		};
		3526F0D82C2A51B900B4D71F /* Auth */ = {
			isa = PBXGroup;
			children = (
				3526F0E02C2A577F00B4D71F /* LoginView.swift */,
				3526F0E22C2A57A400B4D71F /* RegisterView.swift */,
			);
			path = Auth;
			sourceTree = "<group>";
		};
		3526F0D92C2A51DE00B4D71F /* Main */ = {
			isa = PBXGroup;
			children = (
				3526F0D52C2A506E00B4D71F /* MainTabView.swift */,
				3526F0DA2C2A51EE00B4D71F /* HomeView.swift */,
				3526F0DC2C2A522500B4D71F /* ProfileView.swift */,
				3526F0DE2C2A528E00B4D71F /* SettingsView.swift */,
			);
			path = Main;
			sourceTree = "<group>";
		};
		3526F0E72C2A80F300B4D71F /* Network */ = {
			isa = PBXGroup;
			children = (
				35E4EBFC2C1F20E0006EA9A3 /* NetworkManager.swift */,
				3526F0E82C2AA4AB00B4D71F /* MyMonitor.swift */,
				3526F0EA2C2AA59E00B4D71F /* API.swift */,
				3526F0EC2C2AA6BD00B4D71F /* NetworkRouter.swift */,
			);
			path = Network;
			sourceTree = "<group>";
		};
		359B640C2C1F16280085A67A = {
			isa = PBXGroup;
			children = (
				359B64172C1F16280085A67A /* FastAPIPractice */,
				359B64162C1F16280085A67A /* Products */,
			);
			sourceTree = "<group>";
		};
		359B64162C1F16280085A67A /* Products */ = {
			isa = PBXGroup;
			children = (
				359B64152C1F16280085A67A /* FastAPIPractice.app */,
			);
			name = Products;
			sourceTree = "<group>";
		};
		359B64172C1F16280085A67A /* FastAPIPractice */ = {
			isa = PBXGroup;
			children = (
				3526F0EE2C2AB02900B4D71F /* Info.plist */,
				3526F0E72C2A80F300B4D71F /* Network */,
				359B64182C1F16280085A67A /* FastAPIPracticeApp.swift */,
				3526F0D72C2A519F00B4D71F /* View */,
				359B641C2C1F16290085A67A /* Assets.xcassets */,
				359B641E2C1F16290085A67A /* Preview Content */,
			);
			path = FastAPIPractice;
			sourceTree = "<group>";
		};
		359B641E2C1F16290085A67A /* Preview Content */ = {
			isa = PBXGroup;
			children = (
				359B641F2C1F16290085A67A /* Preview Assets.xcassets */,
			);
			path = "Preview Content";
			sourceTree = "<group>";
		};
/* End PBXGroup section */

/* Begin PBXNativeTarget section */
		359B64142C1F16280085A67A /* FastAPIPractice */ = {
			isa = PBXNativeTarget;
			buildConfigurationList = 359B64232C1F16290085A67A /* Build configuration list for PBXNativeTarget "FastAPIPractice" */;
			buildPhases = (
				359B64112C1F16280085A67A /* Sources */,
				359B64122C1F16280085A67A /* Frameworks */,
				359B64132C1F16280085A67A /* Resources */,
			);
			buildRules = (
			);
			dependencies = (
			);
			name = FastAPIPractice;
			packageProductDependencies = (
				3526F0E52C2A808B00B4D71F /* Alamofire */,
			);
			productName = FastAPIPractice;
			productReference = 359B64152C1F16280085A67A /* FastAPIPractice.app */;
			productType = "com.apple.product-type.application";
		};
/* End PBXNativeTarget section */

/* Begin PBXProject section */
		359B640D2C1F16280085A67A /* Project object */ = {
			isa = PBXProject;
			attributes = {
				BuildIndependentTargetsInParallel = 1;
				LastSwiftUpdateCheck = 1540;
				LastUpgradeCheck = 1540;
				TargetAttributes = {
					359B64142C1F16280085A67A = {
						CreatedOnToolsVersion = 15.4;
					};
				};
			};
			buildConfigurationList = 359B64102C1F16280085A67A /* Build configuration list for PBXProject "FastAPIPractice" */;
			compatibilityVersion = "Xcode 14.0";
			developmentRegion = en;
			hasScannedForEncodings = 0;
			knownRegions = (
				en,
				Base,
			);
			mainGroup = 359B640C2C1F16280085A67A;
			packageReferences = (
				3526F0E42C2A808B00B4D71F /* XCRemoteSwiftPackageReference "Alamofire" */,
			);
			productRefGroup = 359B64162C1F16280085A67A /* Products */;
			projectDirPath = "";
			projectRoot = "";
			targets = (
				359B64142C1F16280085A67A /* FastAPIPractice */,
			);
		};
/* End PBXProject section */

/* Begin PBXResourcesBuildPhase section */
		359B64132C1F16280085A67A /* Resources */ = {
			isa = PBXResourcesBuildPhase;
			buildActionMask = 2147483647;
			files = (
				359B64202C1F16290085A67A /* Preview Assets.xcassets in Resources */,
				359B641D2C1F16290085A67A /* Assets.xcassets in Resources */,
			);
			runOnlyForDeploymentPostprocessing = 0;
		};
/* End PBXResourcesBuildPhase section */

/* Begin PBXSourcesBuildPhase section */
		359B64112C1F16280085A67A /* Sources */ = {
			isa = PBXSourcesBuildPhase;
			buildActionMask = 2147483647;
			files = (
				35E4EBFD2C1F20E0006EA9A3 /* NetworkManager.swift in Sources */,
				3526F0ED2C2AA6BD00B4D71F /* NetworkRouter.swift in Sources */,
				3526F0E92C2AA4AB00B4D71F /* MyMonitor.swift in Sources */,
				3526F0DF2C2A528E00B4D71F /* SettingsView.swift in Sources */,
				3526F0E12C2A577F00B4D71F /* LoginView.swift in Sources */,
				3526F0EB2C2AA59E00B4D71F /* API.swift in Sources */,
				3526F0DB2C2A51EE00B4D71F /* HomeView.swift in Sources */,
				3526F0D62C2A506E00B4D71F /* MainTabView.swift in Sources */,
				3526F0E32C2A57A400B4D71F /* RegisterView.swift in Sources */,
				3526F0DD2C2A522500B4D71F /* ProfileView.swift in Sources */,
				359B64192C1F16280085A67A /* FastAPIPracticeApp.swift in Sources */,
			);
			runOnlyForDeploymentPostprocessing = 0;
		};
/* End PBXSourcesBuildPhase section */

/* Begin XCBuildConfiguration section */
		359B64212C1F16290085A67A /* Debug */ = {
			isa = XCBuildConfiguration;
			buildSettings = {
				ALWAYS_SEARCH_USER_PATHS = NO;
				ASSETCATALOG_COMPILER_GENERATE_SWIFT_ASSET_SYMBOL_EXTENSIONS = YES;
				CLANG_ANALYZER_NONNULL = YES;
				CLANG_ANALYZER_NUMBER_OBJECT_CONVERSION = YES_AGGRESSIVE;
				CLANG_CXX_LANGUAGE_STANDARD = "gnu++20";
				CLANG_ENABLE_MODULES = YES;
				CLANG_ENABLE_OBJC_ARC = YES;
				CLANG_ENABLE_OBJC_WEAK = YES;
				CLANG_WARN_BLOCK_CAPTURE_AUTORELEASING = YES;
				CLANG_WARN_BOOL_CONVERSION = YES;
				CLANG_WARN_COMMA = YES;
				CLANG_WARN_CONSTANT_CONVERSION = YES;
				CLANG_WARN_DEPRECATED_OBJC_IMPLEMENTATIONS = YES;
				CLANG_WARN_DIRECT_OBJC_ISA_USAGE = YES_ERROR;
				CLANG_WARN_DOCUMENTATION_COMMENTS = YES;
				CLANG_WARN_EMPTY_BODY = YES;
				CLANG_WARN_ENUM_CONVERSION = YES;
				CLANG_WARN_INFINITE_RECURSION = YES;
				CLANG_WARN_INT_CONVERSION = YES;
				CLANG_WARN_NON_LITERAL_NULL_CONVERSION = YES;
				CLANG_WARN_OBJC_IMPLICIT_RETAIN_SELF = YES;
				CLANG_WARN_OBJC_LITERAL_CONVERSION = YES;
				CLANG_WARN_OBJC_ROOT_CLASS = YES_ERROR;
				CLANG_WARN_QUOTED_INCLUDE_IN_FRAMEWORK_HEADER = YES;
				CLANG_WARN_RANGE_LOOP_ANALYSIS = YES;
				CLANG_WARN_STRICT_PROTOTYPES = YES;
				CLANG_WARN_SUSPICIOUS_MOVE = YES;
				CLANG_WARN_UNGUARDED_AVAILABILITY = YES_AGGRESSIVE;
				CLANG_WARN_UNREACHABLE_CODE = YES;
				CLANG_WARN__DUPLICATE_METHOD_MATCH = YES;
				COPY_PHASE_STRIP = NO;
				DEBUG_INFORMATION_FORMAT = dwarf;
				ENABLE_STRICT_OBJC_MSGSEND = YES;
				ENABLE_TESTABILITY = YES;
				ENABLE_USER_SCRIPT_SANDBOXING = YES;
				GCC_C_LANGUAGE_STANDARD = gnu17;
				GCC_DYNAMIC_NO_PIC = NO;
				GCC_NO_COMMON_BLOCKS = YES;
				GCC_OPTIMIZATION_LEVEL = 0;
				GCC_PREPROCESSOR_DEFINITIONS = (
					"DEBUG=1",
					"$(inherited)",
				);
				GCC_WARN_64_TO_32_BIT_CONVERSION = YES;
				GCC_WARN_ABOUT_RETURN_TYPE = YES_ERROR;
				GCC_WARN_UNDECLARED_SELECTOR = YES;
				GCC_WARN_UNINITIALIZED_AUTOS = YES_AGGRESSIVE;
				GCC_WARN_UNUSED_FUNCTION = YES;
				GCC_WARN_UNUSED_VARIABLE = YES;
				IPHONEOS_DEPLOYMENT_TARGET = 17.5;
				LOCALIZATION_PREFERS_STRING_CATALOGS = YES;
				MTL_ENABLE_DEBUG_INFO = INCLUDE_SOURCE;
				MTL_FAST_MATH = YES;
				ONLY_ACTIVE_ARCH = YES;
				SDKROOT = iphoneos;
				SWIFT_ACTIVE_COMPILATION_CONDITIONS = "DEBUG $(inherited)";
				SWIFT_OPTIMIZATION_LEVEL = "-Onone";
			};
			name = Debug;
		};
		359B64222C1F16290085A67A /* Release */ = {
			isa = XCBuildConfiguration;
			buildSettings = {
				ALWAYS_SEARCH_USER_PATHS = NO;
				ASSETCATALOG_COMPILER_GENERATE_SWIFT_ASSET_SYMBOL_EXTENSIONS = YES;
				CLANG_ANALYZER_NONNULL = YES;
				CLANG_ANALYZER_NUMBER_OBJECT_CONVERSION = YES_AGGRESSIVE;
				CLANG_CXX_LANGUAGE_STANDARD = "gnu++20";
				CLANG_ENABLE_MODULES = YES;
				CLANG_ENABLE_OBJC_ARC = YES;
				CLANG_ENABLE_OBJC_WEAK = YES;
				CLANG_WARN_BLOCK_CAPTURE_AUTORELEASING = YES;
				CLANG_WARN_BOOL_CONVERSION = YES;
				CLANG_WARN_COMMA = YES;
				CLANG_WARN_CONSTANT_CONVERSION = YES;
				CLANG_WARN_DEPRECATED_OBJC_IMPLEMENTATIONS = YES;
				CLANG_WARN_DIRECT_OBJC_ISA_USAGE = YES_ERROR;
				CLANG_WARN_DOCUMENTATION_COMMENTS = YES;
				CLANG_WARN_EMPTY_BODY = YES;
				CLANG_WARN_ENUM_CONVERSION = YES;
				CLANG_WARN_INFINITE_RECURSION = YES;
				CLANG_WARN_INT_CONVERSION = YES;
				CLANG_WARN_NON_LITERAL_NULL_CONVERSION = YES;
				CLANG_WARN_OBJC_IMPLICIT_RETAIN_SELF = YES;
				CLANG_WARN_OBJC_LITERAL_CONVERSION = YES;
				CLANG_WARN_OBJC_ROOT_CLASS = YES_ERROR;
				CLANG_WARN_QUOTED_INCLUDE_IN_FRAMEWORK_HEADER = YES;
				CLANG_WARN_RANGE_LOOP_ANALYSIS = YES;
				CLANG_WARN_STRICT_PROTOTYPES = YES;
				CLANG_WARN_SUSPICIOUS_MOVE = YES;
				CLANG_WARN_UNGUARDED_AVAILABILITY = YES_AGGRESSIVE;
				CLANG_WARN_UNREACHABLE_CODE = YES;
				CLANG_WARN__DUPLICATE_METHOD_MATCH = YES;
				COPY_PHASE_STRIP = NO;
				DEBUG_INFORMATION_FORMAT = "dwarf-with-dsym";
				ENABLE_NS_ASSERTIONS = NO;
				ENABLE_STRICT_OBJC_MSGSEND = YES;
				ENABLE_USER_SCRIPT_SANDBOXING = YES;
				GCC_C_LANGUAGE_STANDARD = gnu17;
				GCC_NO_COMMON_BLOCKS = YES;
				GCC_WARN_64_TO_32_BIT_CONVERSION = YES;
				GCC_WARN_ABOUT_RETURN_TYPE = YES_ERROR;
				GCC_WARN_UNDECLARED_SELECTOR = YES;
				GCC_WARN_UNINITIALIZED_AUTOS = YES_AGGRESSIVE;
				GCC_WARN_UNUSED_FUNCTION = YES;
				GCC_WARN_UNUSED_VARIABLE = YES;
				IPHONEOS_DEPLOYMENT_TARGET = 17.5;
				LOCALIZATION_PREFERS_STRING_CATALOGS = YES;
				MTL_ENABLE_DEBUG_INFO = NO;
				MTL_FAST_MATH = YES;
				SDKROOT = iphoneos;
				SWIFT_COMPILATION_MODE = wholemodule;
				VALIDATE_PRODUCT = YES;
			};
			name = Release;
		};
		359B64242C1F16290085A67A /* Debug */ = {
			isa = XCBuildConfiguration;
			buildSettings = {
				ASSETCATALOG_COMPILER_APPICON_NAME = AppIcon;
				ASSETCATALOG_COMPILER_GLOBAL_ACCENT_COLOR_NAME = AccentColor;
				CODE_SIGN_STYLE = Automatic;
				CURRENT_PROJECT_VERSION = 1;
				DEVELOPMENT_ASSET_PATHS = "\"FastAPIPractice/Preview Content\"";
				DEVELOPMENT_TEAM = C3P52YR8KJ;
				ENABLE_PREVIEWS = YES;
				GENERATE_INFOPLIST_FILE = YES;
				INFOPLIST_FILE = FastAPIPractice/Info.plist;
				INFOPLIST_KEY_UIApplicationSceneManifest_Generation = YES;
				INFOPLIST_KEY_UIApplicationSupportsIndirectInputEvents = YES;
				INFOPLIST_KEY_UILaunchScreen_Generation = YES;
				INFOPLIST_KEY_UISupportedInterfaceOrientations_iPad = "UIInterfaceOrientationPortrait UIInterfaceOrientationPortraitUpsideDown UIInterfaceOrientationLandscapeLeft UIInterfaceOrientationLandscapeRight";
				INFOPLIST_KEY_UISupportedInterfaceOrientations_iPhone = "UIInterfaceOrientationPortrait UIInterfaceOrientationLandscapeLeft UIInterfaceOrientationLandscapeRight";
				LD_RUNPATH_SEARCH_PATHS = (
					"$(inherited)",
					"@executable_path/Frameworks",
				);
				MARKETING_VERSION = 1.0;
				PRODUCT_BUNDLE_IDENTIFIER = shin.FastAPIPractice;
				PRODUCT_NAME = "$(TARGET_NAME)";
				SWIFT_EMIT_LOC_STRINGS = YES;
				SWIFT_VERSION = 5.0;
				TARGETED_DEVICE_FAMILY = "1,2";
			};
			name = Debug;
		};
		359B64252C1F16290085A67A /* Release */ = {
			isa = XCBuildConfiguration;
			buildSettings = {
				ASSETCATALOG_COMPILER_APPICON_NAME = AppIcon;
				ASSETCATALOG_COMPILER_GLOBAL_ACCENT_COLOR_NAME = AccentColor;
				CODE_SIGN_STYLE = Automatic;
				CURRENT_PROJECT_VERSION = 1;
				DEVELOPMENT_ASSET_PATHS = "\"FastAPIPractice/Preview Content\"";
				DEVELOPMENT_TEAM = C3P52YR8KJ;
				ENABLE_PREVIEWS = YES;
				GENERATE_INFOPLIST_FILE = YES;
				INFOPLIST_FILE = FastAPIPractice/Info.plist;
				INFOPLIST_KEY_UIApplicationSceneManifest_Generation = YES;
				INFOPLIST_KEY_UIApplicationSupportsIndirectInputEvents = YES;
				INFOPLIST_KEY_UILaunchScreen_Generation = YES;
				INFOPLIST_KEY_UISupportedInterfaceOrientations_iPad = "UIInterfaceOrientationPortrait UIInterfaceOrientationPortraitUpsideDown UIInterfaceOrientationLandscapeLeft UIInterfaceOrientationLandscapeRight";
				INFOPLIST_KEY_UISupportedInterfaceOrientations_iPhone = "UIInterfaceOrientationPortrait UIInterfaceOrientationLandscapeLeft UIInterfaceOrientationLandscapeRight";
				LD_RUNPATH_SEARCH_PATHS = (
					"$(inherited)",
					"@executable_path/Frameworks",
				);
				MARKETING_VERSION = 1.0;
				PRODUCT_BUNDLE_IDENTIFIER = shin.FastAPIPractice;
				PRODUCT_NAME = "$(TARGET_NAME)";
				SWIFT_EMIT_LOC_STRINGS = YES;
				SWIFT_VERSION = 5.0;
				TARGETED_DEVICE_FAMILY = "1,2";
			};
			name = Release;
		};
/* End XCBuildConfiguration section */

/* Begin XCConfigurationList section */
		359B64102C1F16280085A67A /* Build configuration list for PBXProject "FastAPIPractice" */ = {
			isa = XCConfigurationList;
			buildConfigurations = (
				359B64212C1F16290085A67A /* Debug */,
				359B64222C1F16290085A67A /* Release */,
			);
			defaultConfigurationIsVisible = 0;
			defaultConfigurationName = Release;
		};
		359B64232C1F16290085A67A /* Build configuration list for PBXNativeTarget "FastAPIPractice" */ = {
			isa = XCConfigurationList;
			buildConfigurations = (
				359B64242C1F16290085A67A /* Debug */,
				359B64252C1F16290085A67A /* Release */,
			);
			defaultConfigurationIsVisible = 0;
			defaultConfigurationName = Release;
		};
/* End XCConfigurationList section */

/* Begin XCRemoteSwiftPackageReference section */
		3526F0E42C2A808B00B4D71F /* XCRemoteSwiftPackageReference "Alamofire" */ = {
			isa = XCRemoteSwiftPackageReference;
			repositoryURL = "https://github.com/Alamofire/Alamofire.git";
			requirement = {
				kind = upToNextMajorVersion;
				minimumVersion = 5.9.1;
			};
		};
/* End XCRemoteSwiftPackageReference section */

/* Begin XCSwiftPackageProductDependency section */
		3526F0E52C2A808B00B4D71F /* Alamofire */ = {
			isa = XCSwiftPackageProductDependency;
			package = 3526F0E42C2A808B00B4D71F /* XCRemoteSwiftPackageReference "Alamofire" */;
			productName = Alamofire;
		};
/* End XCSwiftPackageProductDependency section */
	};
	rootObject = 359B640D2C1F16280085A67A /* Project object */;
}
